
Microsoft Visual Studio Solution File, Format Version 12.00
# Visual Studio 15
VisualStudioVersion = 15.0.28307.329
MinimumVisualStudioVersion = 10.0.40219.1
Project("{FAE04EC0-301F-11D3-BF4B-00C04F79EFBC}") = "PlanYourDegree", "PlanYourDegree\PlanYourDegree.csproj", "{305EB4EF-A4B9-47AE-91BE-AB5F352C0F65}"
EndProject
Project("{FAE04EC0-301F-11D3-BF4B-00C04F79EFBC}") = "PlanYourDegree.XUnitTest", "test\PlanYourDegree.XUnitTest\PlanYourDegree.XUnitTest.csproj", "{F4A1F1C3-C91B-4B00-8617-24A15B04B0C7}"
EndProject
Global
	GlobalSection(SolutionConfigurationPlatforms) = preSolution
		Debug|Any CPU = Debug|Any CPU
		Release|Any CPU = Release|Any CPU
	EndGlobalSection
	GlobalSection(ProjectConfigurationPlatforms) = postSolution
		{305EB4EF-A4B9-47AE-91BE-AB5F352C0F65}.Debug|Any CPU.ActiveCfg = Debug|Any CPU
		{305EB4EF-A4B9-47AE-91BE-AB5F352C0F65}.Debug|Any CPU.Build.0 = Debug|Any CPU
		{305EB4EF-A4B9-47AE-91BE-AB5F352C0F65}.Release|Any CPU.ActiveCfg = Release|Any CPU
		{305EB4EF-A4B9-47AE-91BE-AB5F352C0F65}.Release|Any CPU.Build.0 = Release|Any CPU
		{F4A1F1C3-C91B-4B00-8617-24A15B04B0C7}.Debug|Any CPU.ActiveCfg = Debug|Any CPU
		{F4A1F1C3-C91B-4B00-8617-24A15B04B0C7}.Debug|Any CPU.Build.0 = Debug|Any CPU
		{F4A1F1C3-C91B-4B00-8617-24A15B04B0C7}.Release|Any CPU.ActiveCfg = Release|Any CPU
		{F4A1F1C3-C91B-4B00-8617-24A15B04B0C7}.Release|Any CPU.Build.0 = Release|Any CPU
	EndGlobalSection
	GlobalSection(SolutionProperties) = preSolution
		HideSolutionNode = FALSE
	EndGlobalSection
	GlobalSection(ExtensibilityGlobals) = postSolution
		SolutionGuid = {653EA02D-86C4-4403-BD27-EC1E9D1AB49D}
	EndGlobalSection
EndGlobal
