
Microsoft Visual Studio Solution File, Format Version 12.00
# Visual Studio 15
VisualStudioVersion = 15.0.28307.438
MinimumVisualStudioVersion = 10.0.40219.1
Project("{FAE04EC0-301F-11D3-BF4B-00C04F79EFBC}") = "PlanYourDegree_WS02", "PlanYourDegree_WS02\PlanYourDegree_WS02.csproj", "{110202FF-BE41-4D41-B10F-5FB8FCB222BA}"
EndProject
Global
	GlobalSection(SolutionConfigurationPlatforms) = preSolution
		Debug|Any CPU = Debug|Any CPU
		Release|Any CPU = Release|Any CPU
	EndGlobalSection
	GlobalSection(ProjectConfigurationPlatforms) = postSolution
		{110202FF-BE41-4D41-B10F-5FB8FCB222BA}.Debug|Any CPU.ActiveCfg = Debug|Any CPU
		{110202FF-BE41-4D41-B10F-5FB8FCB222BA}.Debug|Any CPU.Build.0 = Debug|Any CPU
		{110202FF-BE41-4D41-B10F-5FB8FCB222BA}.Release|Any CPU.ActiveCfg = Release|Any CPU
		{110202FF-BE41-4D41-B10F-5FB8FCB222BA}.Release|Any CPU.Build.0 = Release|Any CPU
	EndGlobalSection
	GlobalSection(SolutionProperties) = preSolution
		HideSolutionNode = FALSE
	EndGlobalSection
	GlobalSection(ExtensibilityGlobals) = postSolution
		SolutionGuid = {9ABE6DE4-4662-4926-A6A2-02646D45D5D9}
	EndGlobalSection
EndGlobal
